
Microsoft Visual Studio Solution File, Format Version 12.00
# Visual Studio Version 16
VisualStudioVersion = 16.0.31005.135
MinimumVisualStudioVersion = 10.0.40219.1
Project("{9A19103F-16F7-4668-BE54-9A1E7A4F7556}") = "SocialService.Api", "SocialService.Api\SocialService.Api.csproj", "{4185F811-3986-474F-A3BB-A9C401DC11B1}"
EndProject
Project("{9A19103F-16F7-4668-BE54-9A1E7A4F7556}") = "SocialService.Storage", "SocialService.Storage\SocialService.Storage.csproj", "{458695A4-9B02-49CE-8C4E-37172D6E41A8}"
EndProject
Project("{9A19103F-16F7-4668-BE54-9A1E7A4F7556}") = "SocialService.Repositories", "SocialService.Repositories\SocialService.Repositories.csproj", "{B33F05E0-D079-4176-8467-AA7E2A1B3D5F}"
EndProject
Project("{9A19103F-16F7-4668-BE54-9A1E7A4F7556}") = "SocialService.Management", "SocialService.Management\SocialService.Management.csproj", "{7E14CF75-75B4-4713-AE45-8CE3CA2CB51D}"
EndProject
Project("{2150E333-8FDC-42A3-9474-1A3956D46DE8}") = "Tests", "Tests", "{E97D6DD6-656F-4C19-B94A-CA09E148DC80}"
EndProject
Project("{FAE04EC0-301F-11D3-BF4B-00C04F79EFBC}") = "SocialService.Management.Tests", "SocialService.Management.Tests\SocialService.Management.Tests.csproj", "{D060109C-9A0E-45FA-935F-FD649AC9B3C3}"
EndProject
Global
	GlobalSection(SolutionConfigurationPlatforms) = preSolution
		Debug|Any CPU = Debug|Any CPU
		Release|Any CPU = Release|Any CPU
	EndGlobalSection
	GlobalSection(ProjectConfigurationPlatforms) = postSolution
		{4185F811-3986-474F-A3BB-A9C401DC11B1}.Debug|Any CPU.ActiveCfg = Debug|Any CPU
		{4185F811-3986-474F-A3BB-A9C401DC11B1}.Debug|Any CPU.Build.0 = Debug|Any CPU
		{4185F811-3986-474F-A3BB-A9C401DC11B1}.Release|Any CPU.ActiveCfg = Release|Any CPU
		{4185F811-3986-474F-A3BB-A9C401DC11B1}.Release|Any CPU.Build.0 = Release|Any CPU
		{458695A4-9B02-49CE-8C4E-37172D6E41A8}.Debug|Any CPU.ActiveCfg = Debug|Any CPU
		{458695A4-9B02-49CE-8C4E-37172D6E41A8}.Debug|Any CPU.Build.0 = Debug|Any CPU
		{458695A4-9B02-49CE-8C4E-37172D6E41A8}.Release|Any CPU.ActiveCfg = Release|Any CPU
		{458695A4-9B02-49CE-8C4E-37172D6E41A8}.Release|Any CPU.Build.0 = Release|Any CPU
		{B33F05E0-D079-4176-8467-AA7E2A1B3D5F}.Debug|Any CPU.ActiveCfg = Debug|Any CPU
		{B33F05E0-D079-4176-8467-AA7E2A1B3D5F}.Debug|Any CPU.Build.0 = Debug|Any CPU
		{B33F05E0-D079-4176-8467-AA7E2A1B3D5F}.Release|Any CPU.ActiveCfg = Release|Any CPU
		{B33F05E0-D079-4176-8467-AA7E2A1B3D5F}.Release|Any CPU.Build.0 = Release|Any CPU
		{7E14CF75-75B4-4713-AE45-8CE3CA2CB51D}.Debug|Any CPU.ActiveCfg = Debug|Any CPU
		{7E14CF75-75B4-4713-AE45-8CE3CA2CB51D}.Debug|Any CPU.Build.0 = Debug|Any CPU
		{7E14CF75-75B4-4713-AE45-8CE3CA2CB51D}.Release|Any CPU.ActiveCfg = Release|Any CPU
		{7E14CF75-75B4-4713-AE45-8CE3CA2CB51D}.Release|Any CPU.Build.0 = Release|Any CPU
		{D060109C-9A0E-45FA-935F-FD649AC9B3C3}.Debug|Any CPU.ActiveCfg = Debug|Any CPU
		{D060109C-9A0E-45FA-935F-FD649AC9B3C3}.Debug|Any CPU.Build.0 = Debug|Any CPU
		{D060109C-9A0E-45FA-935F-FD649AC9B3C3}.Release|Any CPU.ActiveCfg = Release|Any CPU
		{D060109C-9A0E-45FA-935F-FD649AC9B3C3}.Release|Any CPU.Build.0 = Release|Any CPU
	EndGlobalSection
	GlobalSection(SolutionProperties) = preSolution
		HideSolutionNode = FALSE
	EndGlobalSection
	GlobalSection(NestedProjects) = preSolution
		{D060109C-9A0E-45FA-935F-FD649AC9B3C3} = {E97D6DD6-656F-4C19-B94A-CA09E148DC80}
	EndGlobalSection
	GlobalSection(ExtensibilityGlobals) = postSolution
		SolutionGuid = {C39F4D3F-6197-4727-A7FE-4E312AFDB8BD}
	EndGlobalSection
EndGlobal
